dependencies:
  espressif/esp-zboss-lib:
    component_hash: 321883d142421f65009972408287441794250057668a11abbdfd8bec77c3309a
    dependencies:
    - name: idf
      require: private
      version: '>=5.0'
    source:
      registry_url: https://components.espressif.com/
      type: service
    version: 1.6.4
  espressif/esp-zigbee-lib:
    component_hash: 4b73d7dc7d018114f24712a5af1bb7a53dca95f979fe646461f066f344dd9120
    dependencies:
    - name: idf
      require: private
      version: '>=5.0'
    source:
      registry_url: https://components.espressif.com/
      type: service
    version: 1.6.7
  idf:
    source:
      type: idf
    version: 5.5.0
direct_dependencies:
- espressif/esp-zboss-lib
- espressif/esp-zigbee-lib
manifest_hash: 1f30eae0b9ea6fd06565e02b428356a9a3521762a08f7f5afd287df31b341b8b
target: esp32c6
version: 2.0.0
